
Microsoft Visual Studio Solution File, Format Version 12.00
# Visual Studio Version 16
VisualStudioVersion = 16.0.29209.62
MinimumVisualStudioVersion = 10.0.40219.1
Project("{9A19103F-16F7-4668-BE54-9A1E7A4F7556}") = "Ladbrokes.API", "Ladbrokes\Ladbrokes.API.csproj", "{15A157A5-66D9-4994-8C65-CA568A80877B}"
EndProject
Project("{9A19103F-16F7-4668-BE54-9A1E7A4F7556}") = "Ladbrokes.UnitTest", "Ladbrokes.UnitTest\Ladbrokes.UnitTest.csproj", "{5F6DDAF6-8AEE-403E-8F8C-9354ACF7351E}"
EndProject
Global
	GlobalSection(SolutionConfigurationPlatforms) = preSolution
		Debug|Any CPU = Debug|Any CPU
		Release|Any CPU = Release|Any CPU
	EndGlobalSection
	GlobalSection(ProjectConfigurationPlatforms) = postSolution
		{15A157A5-66D9-4994-8C65-CA568A80877B}.Debug|Any CPU.ActiveCfg = Debug|Any CPU
		{15A157A5-66D9-4994-8C65-CA568A80877B}.Debug|Any CPU.Build.0 = Debug|Any CPU
		{15A157A5-66D9-4994-8C65-CA568A80877B}.Release|Any CPU.ActiveCfg = Release|Any CPU
		{15A157A5-66D9-4994-8C65-CA568A80877B}.Release|Any CPU.Build.0 = Release|Any CPU
		{5F6DDAF6-8AEE-403E-8F8C-9354ACF7351E}.Debug|Any CPU.ActiveCfg = Debug|Any CPU
		{5F6DDAF6-8AEE-403E-8F8C-9354ACF7351E}.Debug|Any CPU.Build.0 = Debug|Any CPU
		{5F6DDAF6-8AEE-403E-8F8C-9354ACF7351E}.Release|Any CPU.ActiveCfg = Release|Any CPU
		{5F6DDAF6-8AEE-403E-8F8C-9354ACF7351E}.Release|Any CPU.Build.0 = Release|Any CPU
	EndGlobalSection
	GlobalSection(SolutionProperties) = preSolution
		HideSolutionNode = FALSE
	EndGlobalSection
	GlobalSection(ExtensibilityGlobals) = postSolution
		SolutionGuid = {573DF69E-100D-420C-B1D7-591EFAF4DDB8}
	EndGlobalSection
EndGlobal
